
Microsoft Visual Studio Solution File, Format Version 12.00
# Visual Studio Version 18
VisualStudioVersion = 18.0.11201.2 d18.0
MinimumVisualStudioVersion = 10.0.40219.1
Project("{FAE04EC0-301F-11D3-BF4B-00C04F79EFBC}") = "WineDegust", "WineDegust.csproj", "{30591F0B-492B-BEE1-5242-E2A6C3FF8881}"
EndProject
Global
	GlobalSection(SolutionConfigurationPlatforms) = preSolution
		Debug|Any CPU = Debug|Any CPU
		Release|Any CPU = Release|Any CPU
	EndGlobalSection
	GlobalSection(ProjectConfigurationPlatforms) = postSolution
		{30591F0B-492B-BEE1-5242-E2A6C3FF8881}.Debug|Any CPU.ActiveCfg = Debug|Any CPU
		{30591F0B-492B-BEE1-5242-E2A6C3FF8881}.Debug|Any CPU.Build.0 = Debug|Any CPU
		{30591F0B-492B-BEE1-5242-E2A6C3FF8881}.Debug|Any CPU.Deploy.0 = Debug|Any CPU
		{30591F0B-492B-BEE1-5242-E2A6C3FF8881}.Release|Any CPU.ActiveCfg = Release|Any CPU
		{30591F0B-492B-BEE1-5242-E2A6C3FF8881}.Release|Any CPU.Build.0 = Release|Any CPU
		{30591F0B-492B-BEE1-5242-E2A6C3FF8881}.Release|Any CPU.Deploy.0 = Release|Any CPU
	EndGlobalSection
	GlobalSection(SolutionProperties) = preSolution
		HideSolutionNode = FALSE
	EndGlobalSection
	GlobalSection(ExtensibilityGlobals) = postSolution
		SolutionGuid = {5C151A82-BFC9-4270-BE78-81306873C047}
	EndGlobalSection
EndGlobal
